// !$*UTF8*$!
{
	archiveVersion = 1;
	classes = {
	};
	objectVersion = 50;
	objects = {

/* Begin PBXBuildFile section */
		B70207C625AA482400F71F85 /* MainCoordinator.swift in Sources */ = {isa = PBXBuildFile; fileRef = B70207C525AA482400F71F85 /* MainCoordinator.swift */; };
		B73EE23F25AA52E700D26C6D /* PokemonListViewController.swift in Sources */ = {isa = PBXBuildFile; fileRef = B73EE23E25AA52E700D26C6D /* PokemonListViewController.swift */; };
		B73EE25625AA572A00D26C6D /* PokemonListViewCell.swift in Sources */ = {isa = PBXBuildFile; fileRef = B73EE25525AA572A00D26C6D /* PokemonListViewCell.swift */; };
		B73EE25F25AA770A00D26C6D /* Extensions.swift in Sources */ = {isa = PBXBuildFile; fileRef = B73EE25E25AA770A00D26C6D /* Extensions.swift */; };
		B757392A25AB59380018164B /* PokemonDetailViewController.swift in Sources */ = {isa = PBXBuildFile; fileRef = B757392925AB59380018164B /* PokemonDetailViewController.swift */; };
		B757392F25AB7C990018164B /* PokemonSizeView.swift in Sources */ = {isa = PBXBuildFile; fileRef = B757392E25AB7C990018164B /* PokemonSizeView.swift */; };
		B757393425ABADF70018164B /* AbilityViewCell.swift in Sources */ = {isa = PBXBuildFile; fileRef = B757393325ABADF70018164B /* AbilityViewCell.swift */; };
		B78F401C25AA2396001D21F0 /* AppDelegate.swift in Sources */ = {isa = PBXBuildFile; fileRef = B78F401B25AA2396001D21F0 /* AppDelegate.swift */; };
		B78F401E25AA2396001D21F0 /* SceneDelegate.swift in Sources */ = {isa = PBXBuildFile; fileRef = B78F401D25AA2396001D21F0 /* SceneDelegate.swift */; };
		B78F402025AA2396001D21F0 /* PokedexViewController.swift in Sources */ = {isa = PBXBuildFile; fileRef = B78F401F25AA2396001D21F0 /* PokedexViewController.swift */; };
		B78F402525AA2398001D21F0 /* Assets.xcassets in Resources */ = {isa = PBXBuildFile; fileRef = B78F402425AA2398001D21F0 /* Assets.xcassets */; };
		B78F402825AA2398001D21F0 /* LaunchScreen.storyboard in Resources */ = {isa = PBXBuildFile; fileRef = B78F402625AA2398001D21F0 /* LaunchScreen.storyboard */; };
		B78F403325AA2399001D21F0 /* PokexAppTests.swift in Sources */ = {isa = PBXBuildFile; fileRef = B78F403225AA2399001D21F0 /* PokexAppTests.swift */; };
		B78F403E25AA2399001D21F0 /* PokexAppUITests.swift in Sources */ = {isa = PBXBuildFile; fileRef = B78F403D25AA2399001D21F0 /* PokexAppUITests.swift */; };
		B78F405025AA2630001D21F0 /* Services.swift in Sources */ = {isa = PBXBuildFile; fileRef = B78F404F25AA2630001D21F0 /* Services.swift */; };
		B7CC9CD925ADB17100263408 /* CarouselInformationView.swift in Sources */ = {isa = PBXBuildFile; fileRef = B7CC9CD825ADB17100263408 /* CarouselInformationView.swift */; };
		B7DF90BB25AA314100F949A0 /* PokemonModel.swift in Sources */ = {isa = PBXBuildFile; fileRef = B7DF90BA25AA314100F949A0 /* PokemonModel.swift */; };
/* End PBXBuildFile section */

/* Begin PBXContainerItemProxy section */
		B78F402F25AA2399001D21F0 /* PBXContainerItemProxy */ = {
			isa = PBXContainerItemProxy;
			containerPortal = B78F401025AA2396001D21F0 /* Project object */;
			proxyType = 1;
			remoteGlobalIDString = B78F401725AA2396001D21F0;
			remoteInfo = PokexApp;
		};
		B78F403A25AA2399001D21F0 /* PBXContainerItemProxy */ = {
			isa = PBXContainerItemProxy;
			containerPortal = B78F401025AA2396001D21F0 /* Project object */;
			proxyType = 1;
			remoteGlobalIDString = B78F401725AA2396001D21F0;
			remoteInfo = PokexApp;
		};
/* End PBXContainerItemProxy section */

/* Begin PBXFileReference section */
		B70207C525AA482400F71F85 /* MainCoordinator.swift */ = {isa = PBXFileReference; lastKnownFileType = sourcecode.swift; path = MainCoordinator.swift; sourceTree = "<group>"; };
		B73EE23E25AA52E700D26C6D /* PokemonListViewController.swift */ = {isa = PBXFileReference; lastKnownFileType = sourcecode.swift; path = PokemonListViewController.swift; sourceTree = "<group>"; };
		B73EE25525AA572A00D26C6D /* PokemonListViewCell.swift */ = {isa = PBXFileReference; lastKnownFileType = sourcecode.swift; path = PokemonListViewCell.swift; sourceTree = "<group>"; };
		B73EE25E25AA770A00D26C6D /* Extensions.swift */ = {isa = PBXFileReference; lastKnownFileType = sourcecode.swift; path = Extensions.swift; sourceTree = "<group>"; };
		B757392925AB59380018164B /* PokemonDetailViewController.swift */ = {isa = PBXFileReference; lastKnownFileType = sourcecode.swift; path = PokemonDetailViewController.swift; sourceTree = "<group>"; };
		B757392E25AB7C990018164B /* PokemonSizeView.swift */ = {isa = PBXFileReference; lastKnownFileType = sourcecode.swift; path = PokemonSizeView.swift; sourceTree = "<group>"; };
		B757393325ABADF70018164B /* AbilityViewCell.swift */ = {isa = PBXFileReference; lastKnownFileType = sourcecode.swift; path = AbilityViewCell.swift; sourceTree = "<group>"; };
		B78F401825AA2396001D21F0 /* PokexApp.app */ = {isa = PBXFileReference; explicitFileType = wrapper.application; includeInIndex = 0; path = PokexApp.app; sourceTree = BUILT_PRODUCTS_DIR; };
		B78F401B25AA2396001D21F0 /* AppDelegate.swift */ = {isa = PBXFileReference; lastKnownFileType = sourcecode.swift; path = AppDelegate.swift; sourceTree = "<group>"; };
		B78F401D25AA2396001D21F0 /* SceneDelegate.swift */ = {isa = PBXFileReference; lastKnownFileType = sourcecode.swift; path = SceneDelegate.swift; sourceTree = "<group>"; };
		B78F401F25AA2396001D21F0 /* PokedexViewController.swift */ = {isa = PBXFileReference; lastKnownFileType = sourcecode.swift; path = PokedexViewController.swift; sourceTree = "<group>"; };
		B78F402425AA2398001D21F0 /* Assets.xcassets */ = {isa = PBXFileReference; lastKnownFileType = folder.assetcatalog; path = Assets.xcassets; sourceTree = "<group>"; };
		B78F402725AA2398001D21F0 /* Base */ = {isa = PBXFileReference; lastKnownFileType = file.storyboard; name = Base; path = Base.lproj/LaunchScreen.storyboard; sourceTree = "<group>"; };
		B78F402925AA2398001D21F0 /* Info.plist */ = {isa = PBXFileReference; lastKnownFileType = text.plist.xml; path = Info.plist; sourceTree = "<group>"; };
		B78F402E25AA2399001D21F0 /* PokexAppTests.xctest */ = {isa = PBXFileReference; explicitFileType = wrapper.cfbundle; includeInIndex = 0; path = PokexAppTests.xctest; sourceTree = BUILT_PRODUCTS_DIR; };
		B78F403225AA2399001D21F0 /* PokexAppTests.swift */ = {isa = PBXFileReference; lastKnownFileType = sourcecode.swift; path = PokexAppTests.swift; sourceTree = "<group>"; };
		B78F403425AA2399001D21F0 /* Info.plist */ = {isa = PBXFileReference; lastKnownFileType = text.plist.xml; path = Info.plist; sourceTree = "<group>"; };
		B78F403925AA2399001D21F0 /* PokexAppUITests.xctest */ = {isa = PBXFileReference; explicitFileType = wrapper.cfbundle; includeInIndex = 0; path = PokexAppUITests.xctest; sourceTree = BUILT_PRODUCTS_DIR; };
		B78F403D25AA2399001D21F0 /* PokexAppUITests.swift */ = {isa = PBXFileReference; lastKnownFileType = sourcecode.swift; path = PokexAppUITests.swift; sourceTree = "<group>"; };
		B78F403F25AA2399001D21F0 /* Info.plist */ = {isa = PBXFileReference; lastKnownFileType = text.plist.xml; path = Info.plist; sourceTree = "<group>"; };
		B78F404F25AA2630001D21F0 /* Services.swift */ = {isa = PBXFileReference; lastKnownFileType = sourcecode.swift; path = Services.swift; sourceTree = "<group>"; };
		B7CC9CD825ADB17100263408 /* CarouselInformationView.swift */ = {isa = PBXFileReference; lastKnownFileType = sourcecode.swift; path = CarouselInformationView.swift; sourceTree = "<group>"; };
		B7DF90BA25AA314100F949A0 /* PokemonModel.swift */ = {isa = PBXFileReference; lastKnownFileType = sourcecode.swift; path = PokemonModel.swift; sourceTree = "<group>"; };
/* End PBXFileReference section */

/* Begin PBXFrameworksBuildPhase section */
		B78F401525AA2396001D21F0 /* Frameworks */ = {
			isa = PBXFrameworksBuildPhase;
			buildActionMask = 2147483647;
			files = (
			);
			runOnlyForDeploymentPostprocessing = 0;
		};
		B78F402B25AA2399001D21F0 /* Frameworks */ = {
			isa = PBXFrameworksBuildPhase;
			buildActionMask = 2147483647;
			files = (
			);
			runOnlyForDeploymentPostprocessing = 0;
		};
		B78F403625AA2399001D21F0 /* Frameworks */ = {
			isa = PBXFrameworksBuildPhase;
			buildActionMask = 2147483647;
			files = (
			);
			runOnlyForDeploymentPostprocessing = 0;
		};
/* End PBXFrameworksBuildPhase section */

/* Begin PBXGroup section */
		B70207C425AA47FC00F71F85 /* Coordinator */ = {
			isa = PBXGroup;
			children = (
				B70207C525AA482400F71F85 /* MainCoordinator.swift */,
			);
			path = Coordinator;
			sourceTree = "<group>";
		};
		B70207CD25AA4C1A00F71F85 /* ViewControllers */ = {
			isa = PBXGroup;
			children = (
				B78F401F25AA2396001D21F0 /* PokedexViewController.swift */,
				B73EE23E25AA52E700D26C6D /* PokemonListViewController.swift */,
				B757392925AB59380018164B /* PokemonDetailViewController.swift */,
			);
			path = ViewControllers;
			sourceTree = "<group>";
		};
		B73EE24625AA56C100D26C6D /* Views */ = {
			isa = PBXGroup;
			children = (
				B73EE25525AA572A00D26C6D /* PokemonListViewCell.swift */,
				B757392E25AB7C990018164B /* PokemonSizeView.swift */,
				B757393325ABADF70018164B /* AbilityViewCell.swift */,
				B7CC9CD825ADB17100263408 /* CarouselInformationView.swift */,
			);
			path = Views;
			sourceTree = "<group>";
		};
		B73EE25D25AA76F700D26C6D /* Extensions */ = {
			isa = PBXGroup;
			children = (
				B73EE25E25AA770A00D26C6D /* Extensions.swift */,
			);
			path = Extensions;
			sourceTree = "<group>";
		};
		B78F400F25AA2396001D21F0 = {
			isa = PBXGroup;
			children = (
				B78F401A25AA2396001D21F0 /* PokexApp */,
				B78F403125AA2399001D21F0 /* PokexAppTests */,
				B78F403C25AA2399001D21F0 /* PokexAppUITests */,
				B78F401925AA2396001D21F0 /* Products */,
			);
			sourceTree = "<group>";
		};
		B78F401925AA2396001D21F0 /* Products */ = {
			isa = PBXGroup;
			children = (
				B78F401825AA2396001D21F0 /* PokexApp.app */,
				B78F402E25AA2399001D21F0 /* PokexAppTests.xctest */,
				B78F403925AA2399001D21F0 /* PokexAppUITests.xctest */,
			);
			name = Products;
			sourceTree = "<group>";
		};
		B78F401A25AA2396001D21F0 /* PokexApp */ = {
			isa = PBXGroup;
			children = (
				B73EE25D25AA76F700D26C6D /* Extensions */,
				B73EE24625AA56C100D26C6D /* Views */,
				B70207CD25AA4C1A00F71F85 /* ViewControllers */,
				B70207C425AA47FC00F71F85 /* Coordinator */,
				B7DF90B925AA313100F949A0 /* Model */,
				B78F405725AA2641001D21F0 /* Services */,
				B78F401B25AA2396001D21F0 /* AppDelegate.swift */,
				B78F401D25AA2396001D21F0 /* SceneDelegate.swift */,
				B78F402425AA2398001D21F0 /* Assets.xcassets */,
				B78F402625AA2398001D21F0 /* LaunchScreen.storyboard */,
				B78F402925AA2398001D21F0 /* Info.plist */,
			);
			path = PokexApp;
			sourceTree = "<group>";
		};
		B78F403125AA2399001D21F0 /* PokexAppTests */ = {
			isa = PBXGroup;
			children = (
				B78F403225AA2399001D21F0 /* PokexAppTests.swift */,
				B78F403425AA2399001D21F0 /* Info.plist */,
			);
			path = PokexAppTests;
			sourceTree = "<group>";
		};
		B78F403C25AA2399001D21F0 /* PokexAppUITests */ = {
			isa = PBXGroup;
			children = (
				B78F403D25AA2399001D21F0 /* PokexAppUITests.swift */,
				B78F403F25AA2399001D21F0 /* Info.plist */,
			);
			path = PokexAppUITests;
			sourceTree = "<group>";
		};
		B78F405725AA2641001D21F0 /* Services */ = {
			isa = PBXGroup;
			children = (
				B78F404F25AA2630001D21F0 /* Services.swift */,
			);
			path = Services;
			sourceTree = "<group>";
		};
		B7DF90B925AA313100F949A0 /* Model */ = {
			isa = PBXGroup;
			children = (
				B7DF90BA25AA314100F949A0 /* PokemonModel.swift */,
			);
			path = Model;
			sourceTree = "<group>";
		};
/* End PBXGroup section */

/* Begin PBXNativeTarget section */
		B78F401725AA2396001D21F0 /* PokexApp */ = {
			isa = PBXNativeTarget;
			buildConfigurationList = B78F404225AA2399001D21F0 /* Build configuration list for PBXNativeTarget "PokexApp" */;
			buildPhases = (
				B78F401425AA2396001D21F0 /* Sources */,
				B78F401525AA2396001D21F0 /* Frameworks */,
				B78F401625AA2396001D21F0 /* Resources */,
			);
			buildRules = (
			);
			dependencies = (
			);
			name = PokexApp;
			productName = PokexApp;
			productReference = B78F401825AA2396001D21F0 /* PokexApp.app */;
			productType = "com.apple.product-type.application";
		};
		B78F402D25AA2399001D21F0 /* PokexAppTests */ = {
			isa = PBXNativeTarget;
			buildConfigurationList = B78F404525AA2399001D21F0 /* Build configuration list for PBXNativeTarget "PokexAppTests" */;
			buildPhases = (
				B78F402A25AA2399001D21F0 /* Sources */,
				B78F402B25AA2399001D21F0 /* Frameworks */,
				B78F402C25AA2399001D21F0 /* Resources */,
			);
			buildRules = (
			);
			dependencies = (
				B78F403025AA2399001D21F0 /* PBXTargetDependency */,
			);
			name = PokexAppTests;
			productName = PokexAppTests;
			productReference = B78F402E25AA2399001D21F0 /* PokexAppTests.xctest */;
			productType = "com.apple.product-type.bundle.unit-test";
		};
		B78F403825AA2399001D21F0 /* PokexAppUITests */ = {
			isa = PBXNativeTarget;
			buildConfigurationList = B78F404825AA2399001D21F0 /* Build configuration list for PBXNativeTarget "PokexAppUITests" */;
			buildPhases = (
				B78F403525AA2399001D21F0 /* Sources */,
				B78F403625AA2399001D21F0 /* Frameworks */,
				B78F403725AA2399001D21F0 /* Resources */,
			);
			buildRules = (
			);
			dependencies = (
				B78F403B25AA2399001D21F0 /* PBXTargetDependency */,
			);
			name = PokexAppUITests;
			productName = PokexAppUITests;
			productReference = B78F403925AA2399001D21F0 /* PokexAppUITests.xctest */;
			productType = "com.apple.product-type.bundle.ui-testing";
		};
/* End PBXNativeTarget section */

/* Begin PBXProject section */
		B78F401025AA2396001D21F0 /* Project object */ = {
			isa = PBXProject;
			attributes = {
				LastSwiftUpdateCheck = 1230;
				LastUpgradeCheck = 1230;
				TargetAttributes = {
					B78F401725AA2396001D21F0 = {
						CreatedOnToolsVersion = 12.3;
					};
					B78F402D25AA2399001D21F0 = {
						CreatedOnToolsVersion = 12.3;
						TestTargetID = B78F401725AA2396001D21F0;
					};
					B78F403825AA2399001D21F0 = {
						CreatedOnToolsVersion = 12.3;
						TestTargetID = B78F401725AA2396001D21F0;
					};
				};
			};
			buildConfigurationList = B78F401325AA2396001D21F0 /* Build configuration list for PBXProject "PokexApp" */;
			compatibilityVersion = "Xcode 9.3";
			developmentRegion = en;
			hasScannedForEncodings = 0;
			knownRegions = (
				en,
				Base,
			);
			mainGroup = B78F400F25AA2396001D21F0;
			productRefGroup = B78F401925AA2396001D21F0 /* Products */;
			projectDirPath = "";
			projectRoot = "";
			targets = (
				B78F401725AA2396001D21F0 /* PokexApp */,
				B78F402D25AA2399001D21F0 /* PokexAppTests */,
				B78F403825AA2399001D21F0 /* PokexAppUITests */,
			);
		};
/* End PBXProject section */

/* Begin PBXResourcesBuildPhase section */
		B78F401625AA2396001D21F0 /* Resources */ = {
			isa = PBXResourcesBuildPhase;
			buildActionMask = 2147483647;
			files = (
				B78F402825AA2398001D21F0 /* LaunchScreen.storyboard in Resources */,
				B78F402525AA2398001D21F0 /* Assets.xcassets in Resources */,
			);
			runOnlyForDeploymentPostprocessing = 0;
		};
		B78F402C25AA2399001D21F0 /* Resources */ = {
			isa = PBXResourcesBuildPhase;
			buildActionMask = 2147483647;
			files = (
			);
			runOnlyForDeploymentPostprocessing = 0;
		};
		B78F403725AA2399001D21F0 /* Resources */ = {
			isa = PBXResourcesBuildPhase;
			buildActionMask = 2147483647;
			files = (
			);
			runOnlyForDeploymentPostprocessing = 0;
		};
/* End PBXResourcesBuildPhase section */

/* Begin PBXSourcesBuildPhase section */
		B78F401425AA2396001D21F0 /* Sources */ = {
			isa = PBXSourcesBuildPhase;
			buildActionMask = 2147483647;
			files = (
				B78F402025AA2396001D21F0 /* PokedexViewController.swift in Sources */,
				B73EE25F25AA770A00D26C6D /* Extensions.swift in Sources */,
				B70207C625AA482400F71F85 /* MainCoordinator.swift in Sources */,
				B7CC9CD925ADB17100263408 /* CarouselInformationView.swift in Sources */,
				B73EE25625AA572A00D26C6D /* PokemonListViewCell.swift in Sources */,
				B78F405025AA2630001D21F0 /* Services.swift in Sources */,
				B78F401C25AA2396001D21F0 /* AppDelegate.swift in Sources */,
				B7DF90BB25AA314100F949A0 /* PokemonModel.swift in Sources */,
				B757392F25AB7C990018164B /* PokemonSizeView.swift in Sources */,
				B757392A25AB59380018164B /* PokemonDetailViewController.swift in Sources */,
				B757393425ABADF70018164B /* AbilityViewCell.swift in Sources */,
				B78F401E25AA2396001D21F0 /* SceneDelegate.swift in Sources */,
				B73EE23F25AA52E700D26C6D /* PokemonListViewController.swift in Sources */,
			);
			runOnlyForDeploymentPostprocessing = 0;
		};
		B78F402A25AA2399001D21F0 /* Sources */ = {
			isa = PBXSourcesBuildPhase;
			buildActionMask = 2147483647;
			files = (
				B78F403325AA2399001D21F0 /* PokexAppTests.swift in Sources */,
			);
			runOnlyForDeploymentPostprocessing = 0;
		};
		B78F403525AA2399001D21F0 /* Sources */ = {
			isa = PBXSourcesBuildPhase;
			buildActionMask = 2147483647;
			files = (
				B78F403E25AA2399001D21F0 /* PokexAppUITests.swift in Sources */,
			);
			runOnlyForDeploymentPostprocessing = 0;
		};
/* End PBXSourcesBuildPhase section */

/* Begin PBXTargetDependency section */
		B78F403025AA2399001D21F0 /* PBXTargetDependency */ = {
			isa = PBXTargetDependency;
			target = B78F401725AA2396001D21F0 /* PokexApp */;
			targetProxy = B78F402F25AA2399001D21F0 /* PBXContainerItemProxy */;
		};
		B78F403B25AA2399001D21F0 /* PBXTargetDependency */ = {
			isa = PBXTargetDependency;
			target = B78F401725AA2396001D21F0 /* PokexApp */;
			targetProxy = B78F403A25AA2399001D21F0 /* PBXContainerItemProxy */;
		};
/* End PBXTargetDependency section */

/* Begin PBXVariantGroup section */
		B78F402625AA2398001D21F0 /* LaunchScreen.storyboard */ = {
			isa = PBXVariantGroup;
			children = (
				B78F402725AA2398001D21F0 /* Base */,
			);
			name = LaunchScreen.storyboard;
			sourceTree = "<group>";
		};
/* End PBXVariantGroup section */

/* Begin XCBuildConfiguration section */
		B78F404025AA2399001D21F0 /* Debug */ = {
			isa = XCBuildConfiguration;
			buildSettings = {
				ALWAYS_SEARCH_USER_PATHS = NO;
				CLANG_ANALYZER_NONNULL = YES;
				CLANG_ANALYZER_NUMBER_OBJECT_CONVERSION = YES_AGGRESSIVE;
				CLANG_CXX_LANGUAGE_STANDARD = "gnu++14";
				CLANG_CXX_LIBRARY = "libc++";
				CLANG_ENABLE_MODULES = YES;
				CLANG_ENABLE_OBJC_ARC = YES;
				CLANG_ENABLE_OBJC_WEAK = YES;
				CLANG_WARN_BLOCK_CAPTURE_AUTORELEASING = YES;
				CLANG_WARN_BOOL_CONVERSION = YES;
				CLANG_WARN_COMMA = YES;
				CLANG_WARN_CONSTANT_CONVERSION = YES;
				CLANG_WARN_DEPRECATED_OBJC_IMPLEMENTATIONS = YES;
				CLANG_WARN_DIRECT_OBJC_ISA_USAGE = YES_ERROR;
				CLANG_WARN_DOCUMENTATION_COMMENTS = YES;
				CLANG_WARN_EMPTY_BODY = YES;
				CLANG_WARN_ENUM_CONVERSION = YES;
				CLANG_WARN_INFINITE_RECURSION = YES;
				CLANG_WARN_INT_CONVERSION = YES;
				CLANG_WARN_NON_LITERAL_NULL_CONVERSION = YES;
				CLANG_WARN_OBJC_IMPLICIT_RETAIN_SELF = YES;
				CLANG_WARN_OBJC_LITERAL_CONVERSION = YES;
				CLANG_WARN_OBJC_ROOT_CLASS = YES_ERROR;
				CLANG_WARN_QUOTED_INCLUDE_IN_FRAMEWORK_HEADER = YES;
				CLANG_WARN_RANGE_LOOP_ANALYSIS = YES;
				CLANG_WARN_STRICT_PROTOTYPES = YES;
				CLANG_WARN_SUSPICIOUS_MOVE = YES;
				CLANG_WARN_UNGUARDED_AVAILABILITY = YES_AGGRESSIVE;
				CLANG_WARN_UNREACHABLE_CODE = YES;
				CLANG_WARN__DUPLICATE_METHOD_MATCH = YES;
				COPY_PHASE_STRIP = NO;
				DEBUG_INFORMATION_FORMAT = dwarf;
				ENABLE_STRICT_OBJC_MSGSEND = YES;
				ENABLE_TESTABILITY = YES;
				GCC_C_LANGUAGE_STANDARD = gnu11;
				GCC_DYNAMIC_NO_PIC = NO;
				GCC_NO_COMMON_BLOCKS = YES;
				GCC_OPTIMIZATION_LEVEL = 0;
				GCC_PREPROCESSOR_DEFINITIONS = (
					"DEBUG=1",
					"$(inherited)",
				);
				GCC_WARN_64_TO_32_BIT_CONVERSION = YES;
				GCC_WARN_ABOUT_RETURN_TYPE = YES_ERROR;
				GCC_WARN_UNDECLARED_SELECTOR = YES;
				GCC_WARN_UNINITIALIZED_AUTOS = YES_AGGRESSIVE;
				GCC_WARN_UNUSED_FUNCTION = YES;
				GCC_WARN_UNUSED_VARIABLE = YES;
				IPHONEOS_DEPLOYMENT_TARGET = 14.3;
				MTL_ENABLE_DEBUG_INFO = INCLUDE_SOURCE;
				MTL_FAST_MATH = YES;
				ONLY_ACTIVE_ARCH = YES;
				SDKROOT = iphoneos;
				SWIFT_ACTIVE_COMPILATION_CONDITIONS = DEBUG;
				SWIFT_OPTIMIZATION_LEVEL = "-Onone";
			};
			name = Debug;
		};
		B78F404125AA2399001D21F0 /* Release */ = {
			isa = XCBuildConfiguration;
			buildSettings = {
				ALWAYS_SEARCH_USER_PATHS = NO;
				CLANG_ANALYZER_NONNULL = YES;
				CLANG_ANALYZER_NUMBER_OBJECT_CONVERSION = YES_AGGRESSIVE;
				CLANG_CXX_LANGUAGE_STANDARD = "gnu++14";
				CLANG_CXX_LIBRARY = "libc++";
				CLANG_ENABLE_MODULES = YES;
				CLANG_ENABLE_OBJC_ARC = YES;
				CLANG_ENABLE_OBJC_WEAK = YES;
				CLANG_WARN_BLOCK_CAPTURE_AUTORELEASING = YES;
				CLANG_WARN_BOOL_CONVERSION = YES;
				CLANG_WARN_COMMA = YES;
				CLANG_WARN_CONSTANT_CONVERSION = YES;
				CLANG_WARN_DEPRECATED_OBJC_IMPLEMENTATIONS = YES;
				CLANG_WARN_DIRECT_OBJC_ISA_USAGE = YES_ERROR;
				CLANG_WARN_DOCUMENTATION_COMMENTS = YES;
				CLANG_WARN_EMPTY_BODY = YES;
				CLANG_WARN_ENUM_CONVERSION = YES;
				CLANG_WARN_INFINITE_RECURSION = YES;
				CLANG_WARN_INT_CONVERSION = YES;
				CLANG_WARN_NON_LITERAL_NULL_CONVERSION = YES;
				CLANG_WARN_OBJC_IMPLICIT_RETAIN_SELF = YES;
				CLANG_WARN_OBJC_LITERAL_CONVERSION = YES;
				CLANG_WARN_OBJC_ROOT_CLASS = YES_ERROR;
				CLANG_WARN_QUOTED_INCLUDE_IN_FRAMEWORK_HEADER = YES;
				CLANG_WARN_RANGE_LOOP_ANALYSIS = YES;
				CLANG_WARN_STRICT_PROTOTYPES = YES;
				CLANG_WARN_SUSPICIOUS_MOVE = YES;
				CLANG_WARN_UNGUARDED_AVAILABILITY = YES_AGGRESSIVE;
				CLANG_WARN_UNREACHABLE_CODE = YES;
				CLANG_WARN__DUPLICATE_METHOD_MATCH = YES;
				COPY_PHASE_STRIP = NO;
				DEBUG_INFORMATION_FORMAT = "dwarf-with-dsym";
				ENABLE_NS_ASSERTIONS = NO;
				ENABLE_STRICT_OBJC_MSGSEND = YES;
				GCC_C_LANGUAGE_STANDARD = gnu11;
				GCC_NO_COMMON_BLOCKS = YES;
				GCC_WARN_64_TO_32_BIT_CONVERSION = YES;
				GCC_WARN_ABOUT_RETURN_TYPE = YES_ERROR;
				GCC_WARN_UNDECLARED_SELECTOR = YES;
				GCC_WARN_UNINITIALIZED_AUTOS = YES_AGGRESSIVE;
				GCC_WARN_UNUSED_FUNCTION = YES;
				GCC_WARN_UNUSED_VARIABLE = YES;
				IPHONEOS_DEPLOYMENT_TARGET = 14.3;
				MTL_ENABLE_DEBUG_INFO = NO;
				MTL_FAST_MATH = YES;
				SDKROOT = iphoneos;
				SWIFT_COMPILATION_MODE = wholemodule;
				SWIFT_OPTIMIZATION_LEVEL = "-O";
				VALIDATE_PRODUCT = YES;
			};
			name = Release;
		};
		B78F404325AA2399001D21F0 /* Debug */ = {
			isa = XCBuildConfiguration;
			buildSettings = {
				ASSETCATALOG_COMPILER_APPICON_NAME = AppIcon;
				ASSETCATALOG_COMPILER_GLOBAL_ACCENT_COLOR_NAME = AccentColor;
				CODE_SIGN_STYLE = Automatic;
				DEVELOPMENT_TEAM = YULAU3N36F;
				INFOPLIST_FILE = PokexApp/Info.plist;
				LD_RUNPATH_SEARCH_PATHS = (
					"$(inherited)",
					"@executable_path/Frameworks",
				);
				PRODUCT_BUNDLE_IDENTIFIER = GustavoSantos.PokexApp;
				PRODUCT_NAME = "$(TARGET_NAME)";
				SWIFT_VERSION = 5.0;
				TARGETED_DEVICE_FAMILY = "1,2";
			};
			name = Debug;
		};
		B78F404425AA2399001D21F0 /* Release */ = {
			isa = XCBuildConfiguration;
			buildSettings = {
				ASSETCATALOG_COMPILER_APPICON_NAME = AppIcon;
				ASSETCATALOG_COMPILER_GLOBAL_ACCENT_COLOR_NAME = AccentColor;
				CODE_SIGN_STYLE = Automatic;
				DEVELOPMENT_TEAM = YULAU3N36F;
				INFOPLIST_FILE = PokexApp/Info.plist;
				LD_RUNPATH_SEARCH_PATHS = (
					"$(inherited)",
					"@executable_path/Frameworks",
				);
				PRODUCT_BUNDLE_IDENTIFIER = GustavoSantos.PokexApp;
				PRODUCT_NAME = "$(TARGET_NAME)";
				SWIFT_VERSION = 5.0;
				TARGETED_DEVICE_FAMILY = "1,2";
			};
			name = Release;
		};
		B78F404625AA2399001D21F0 /* Debug */ = {
			isa = XCBuildConfiguration;
			buildSettings = {
				ALWAYS_EMBED_SWIFT_STANDARD_LIBRARIES = YES;
				BUNDLE_LOADER = "$(TEST_HOST)";
				CODE_SIGN_STYLE = Automatic;
				DEVELOPMENT_TEAM = YULAU3N36F;
				INFOPLIST_FILE = PokexAppTests/Info.plist;
				IPHONEOS_DEPLOYMENT_TARGET = 14.3;
				LD_RUNPATH_SEARCH_PATHS = (
					"$(inherited)",
					"@executable_path/Frameworks",
					"@loader_path/Frameworks",
				);
				PRODUCT_BUNDLE_IDENTIFIER = GustavoSantos.PokexAppTests;
				PRODUCT_NAME = "$(TARGET_NAME)";
				SWIFT_VERSION = 5.0;
				TARGETED_DEVICE_FAMILY = "1,2";
				TEST_HOST = "$(BUILT_PRODUCTS_DIR)/PokexApp.app/PokexApp";
			};
			name = Debug;
		};
		B78F404725AA2399001D21F0 /* Release */ = {
			isa = XCBuildConfiguration;
			buildSettings = {
				ALWAYS_EMBED_SWIFT_STANDARD_LIBRARIES = YES;
				BUNDLE_LOADER = "$(TEST_HOST)";
				CODE_SIGN_STYLE = Automatic;
				DEVELOPMENT_TEAM = YULAU3N36F;
				INFOPLIST_FILE = PokexAppTests/Info.plist;
				IPHONEOS_DEPLOYMENT_TARGET = 14.3;
				LD_RUNPATH_SEARCH_PATHS = (
					"$(inherited)",
					"@executable_path/Frameworks",
					"@loader_path/Frameworks",
				);
				PRODUCT_BUNDLE_IDENTIFIER = GustavoSantos.PokexAppTests;
				PRODUCT_NAME = "$(TARGET_NAME)";
				SWIFT_VERSION = 5.0;
				TARGETED_DEVICE_FAMILY = "1,2";
				TEST_HOST = "$(BUILT_PRODUCTS_DIR)/PokexApp.app/PokexApp";
			};
			name = Release;
		};
		B78F404925AA2399001D21F0 /* Debug */ = {
			isa = XCBuildConfiguration;
			buildSettings = {
				ALWAYS_EMBED_SWIFT_STANDARD_LIBRARIES = YES;
				CODE_SIGN_STYLE = Automatic;
				DEVELOPMENT_TEAM = YULAU3N36F;
				INFOPLIST_FILE = PokexAppUITests/Info.plist;
				LD_RUNPATH_SEARCH_PATHS = (
					"$(inherited)",
					"@executable_path/Frameworks",
					"@loader_path/Frameworks",
				);
				PRODUCT_BUNDLE_IDENTIFIER = GustavoSantos.PokexAppUITests;
				PRODUCT_NAME = "$(TARGET_NAME)";
				SWIFT_VERSION = 5.0;
				TARGETED_DEVICE_FAMILY = "1,2";
				TEST_TARGET_NAME = PokexApp;
			};
			name = Debug;
		};
		B78F404A25AA2399001D21F0 /* Release */ = {
			isa = XCBuildConfiguration;
			buildSettings = {
				ALWAYS_EMBED_SWIFT_STANDARD_LIBRARIES = YES;
				CODE_SIGN_STYLE = Automatic;
				DEVELOPMENT_TEAM = YULAU3N36F;
				INFOPLIST_FILE = PokexAppUITests/Info.plist;
				LD_RUNPATH_SEARCH_PATHS = (
					"$(inherited)",
					"@executable_path/Frameworks",
					"@loader_path/Frameworks",
				);
				PRODUCT_BUNDLE_IDENTIFIER = GustavoSantos.PokexAppUITests;
				PRODUCT_NAME = "$(TARGET_NAME)";
				SWIFT_VERSION = 5.0;
				TARGETED_DEVICE_FAMILY = "1,2";
				TEST_TARGET_NAME = PokexApp;
			};
			name = Release;
		};
/* End XCBuildConfiguration section */

/* Begin XCConfigurationList section */
		B78F401325AA2396001D21F0 /* Build configuration list for PBXProject "PokexApp" */ = {
			isa = XCConfigurationList;
			buildConfigurations = (
				B78F404025AA2399001D21F0 /* Debug */,
				B78F404125AA2399001D21F0 /* Release */,
			);
			defaultConfigurationIsVisible = 0;
			defaultConfigurationName = Release;
		};
		B78F404225AA2399001D21F0 /* Build configuration list for PBXNativeTarget "PokexApp" */ = {
			isa = XCConfigurationList;
			buildConfigurations = (
				B78F404325AA2399001D21F0 /* Debug */,
				B78F404425AA2399001D21F0 /* Release */,
			);
			defaultConfigurationIsVisible = 0;
			defaultConfigurationName = Release;
		};
		B78F404525AA2399001D21F0 /* Build configuration list for PBXNativeTarget "PokexAppTests" */ = {
			isa = XCConfigurationList;
			buildConfigurations = (
				B78F404625AA2399001D21F0 /* Debug */,
				B78F404725AA2399001D21F0 /* Release */,
			);
			defaultConfigurationIsVisible = 0;
			defaultConfigurationName = Release;
		};
		B78F404825AA2399001D21F0 /* Build configuration list for PBXNativeTarget "PokexAppUITests" */ = {
			isa = XCConfigurationList;
			buildConfigurations = (
				B78F404925AA2399001D21F0 /* Debug */,
				B78F404A25AA2399001D21F0 /* Release */,
			);
			defaultConfigurationIsVisible = 0;
			defaultConfigurationName = Release;
		};
/* End XCConfigurationList section */
	};
	rootObject = B78F401025AA2396001D21F0 /* Project object */;
}
